lockfileVersion: '6.0'

settings:
  autoInstallPeers: true
  excludeLinksFromLockfile: false

dependencies:
  b64-to-blob:
    specifier: ^1.2.19
    version: 1.2.19
  blueimp-load-image:
    specifier: ^5.16.0
    version: 5.16.0
  cropperjs:
    specifier: ^1.6.1
    version: 1.6.1
  jquery:
    specifier: ^3.7.1
    version: 3.7.1
  jsuri:
    specifier: ^1.3.1
    version: 1.3.1
  lodash:
    specifier: ^4.17.21
    version: 4.17.21

devDependencies:
  '@types/blueimp-load-image':
    specifier: ^5.16.6
    version: 5.16.6
  '@types/jquery':
    specifier: ^3.5.29
    version: 3.5.29
  '@types/jsuri':
    specifier: ^1.3.34
    version: 1.3.34
  '@types/lodash':
    specifier: ^4.14.202
    version: 4.14.202
  typescript:
    specifier: ^5.3.3
    version: 5.3.3
  vue:
    specifier: 3.3.7
    version: 3.3.7(typescript@5.3.3)
  vue-tsc:
    specifier: ^1.8.27
    version: 1.8.27(typescript@5.3.3)

packages:

  /@babel/helper-string-parser@7.23.4:
    resolution: {integrity: sha512-803gmbQdqwdf4olxrX4AJyFBV/RTr3rSmOj0rKwesmzlfhYNDEs+/iOcznzpNWlJlIlTJC2QfPFcHB6DlzdVLQ==}
    engines: {node: '>=6.9.0'}
    dev: true

  /@babel/helper-validator-identifier@7.22.20:
    resolution: {integrity: sha512-Y4OZ+ytlatR8AI+8KZfKuL5urKp7qey08ha31L8b3BwewJAoJamTzyvxPR/5D+KkdJCGPq/+8TukHBlY10FX9A==}
    engines: {node: '>=6.9.0'}
    dev: true

  /@babel/parser@7.24.0:
    resolution: {integrity: sha512-QuP/FxEAzMSjXygs8v4N9dvdXzEHN4W1oF3PxuWAtPo08UdM17u89RDMgjLn/mlc56iM0HlLmVkO/wgR+rDgHg==}
    engines: {node: '>=6.0.0'}
    hasBin: true
    dependencies:
      '@babel/types': 7.24.0
    dev: true

  /@babel/types@7.24.0:
    resolution: {integrity: sha512-+j7a5c253RfKh8iABBhywc8NSfP5LURe7Uh4qpsh6jc+aLJguvmIUBdjSdEMQv2bENrCR5MfRdjGo7vzS/ob7w==}
    engines: {node: '>=6.9.0'}
    dependencies:
      '@babel/helper-string-parser': 7.23.4
      '@babel/helper-validator-identifier': 7.22.20
      to-fast-properties: 2.0.0
    dev: true

  /@jridgewell/sourcemap-codec@1.4.15:
    resolution: {integrity: sha512-eF2rxCRulEKXHTRiDrDy6erMYWqNw4LPdQ8UQA4huuxaQsVeRPFl2oM8oDGxMFhJUWZf9McpLtJasDDZb/Bpeg==}
    dev: true

  /@types/blueimp-load-image@5.16.6:
    resolution: {integrity: sha512-e7s6CdDCUoBQdCe62Q6OS+DF68M8+ABxCEMh2Isjt4Fl3xuddljCHMN8mak48AMSVGGwUUtNRaZbkzgL5PEWew==}
    dev: true

  /@types/jquery@3.5.29:
    resolution: {integrity: sha512-oXQQC9X9MOPRrMhPHHOsXqeQDnWeCDT3PelUIg/Oy8FAbzSZtFHRjc7IpbfFVmpLtJ+UOoywpRsuO5Jxjybyeg==}
    dependencies:
      '@types/sizzle': 2.3.8
    dev: true

  /@types/jsuri@1.3.34:
    resolution: {integrity: sha512-M+EgC0EYAPPRP4CF1CC2R1E9DBXMYeFFD9mgvCRKT6Xz/W0u385+Y1ofJyymQGUCh00ZJHVfGjlTULFGL7Vs6g==}
    dev: true

  /@types/lodash@4.14.202:
    resolution: {integrity: sha512-OvlIYQK9tNneDlS0VN54LLd5uiPCBOp7gS5Z0f1mjoJYBrtStzgmJBxONW3U6OZqdtNzZPmn9BS/7WI7BFFcFQ==}
    dev: true

  /@types/sizzle@2.3.8:
    resolution: {integrity: sha512-0vWLNK2D5MT9dg0iOo8GlKguPAU02QjmZitPEsXRuJXU/OGIOt9vT9Fc26wtYuavLxtO45v9PGleoL9Z0k1LHg==}
    dev: true

  /@volar/language-core@1.11.1:
    resolution: {integrity: sha512-dOcNn3i9GgZAcJt43wuaEykSluAuOkQgzni1cuxLxTV0nJKanQztp7FxyswdRILaKH+P2XZMPRp2S4MV/pElCw==}
    dependencies:
      '@volar/source-map': 1.11.1
    dev: true

  /@volar/source-map@1.11.1:
    resolution: {integrity: sha512-hJnOnwZ4+WT5iupLRnuzbULZ42L7BWWPMmruzwtLhJfpDVoZLjNBxHDi2sY2bgZXCKlpU5XcsMFoYrsQmPhfZg==}
    dependencies:
      muggle-string: 0.3.1
    dev: true

  /@volar/typescript@1.11.1:
    resolution: {integrity: sha512-iU+t2mas/4lYierSnoFOeRFQUhAEMgsFuQxoxvwn5EdQopw43j+J27a4lt9LMInx1gLJBC6qL14WYGlgymaSMQ==}
    dependencies:
      '@volar/language-core': 1.11.1
      path-browserify: 1.0.1
    dev: true

  /@vue/compiler-core@3.3.7:
    resolution: {integrity: sha512-pACdY6YnTNVLXsB86YD8OF9ihwpolzhhtdLVHhBL6do/ykr6kKXNYABRtNMGrsQXpEXXyAdwvWWkuTbs4MFtPQ==}
    dependencies:
      '@babel/parser': 7.24.0
      '@vue/shared': 3.3.7
      estree-walker: 2.0.2
      source-map-js: 1.0.2
    dev: true

  /@vue/compiler-core@3.4.21:
    resolution: {integrity: sha512-MjXawxZf2SbZszLPYxaFCjxfibYrzr3eYbKxwpLR9EQN+oaziSu3qKVbwBERj1IFIB8OLUewxB5m/BFzi613og==}
    dependencies:
      '@babel/parser': 7.24.0
      '@vue/shared': 3.4.21
      entities: 4.5.0
      estree-walker: 2.0.2
      source-map-js: 1.0.2
    dev: true

  /@vue/compiler-dom@3.3.7:
    resolution: {integrity: sha512-0LwkyJjnUPssXv/d1vNJ0PKfBlDoQs7n81CbO6Q0zdL7H1EzqYRrTVXDqdBVqro0aJjo/FOa1qBAPVI4PGSHBw==}
    dependencies:
      '@vue/compiler-core': 3.3.7
      '@vue/shared': 3.3.7
    dev: true

  /@vue/compiler-dom@3.4.21:
    resolution: {integrity: sha512-IZC6FKowtT1sl0CR5DpXSiEB5ayw75oT2bma1BEhV7RRR1+cfwLrxc2Z8Zq/RGFzJ8w5r9QtCOvTjQgdn0IKmA==}
    dependencies:
      '@vue/compiler-core': 3.4.21
      '@vue/shared': 3.4.21
    dev: true

  /@vue/compiler-sfc@3.3.7:
    resolution: {integrity: sha512-7pfldWy/J75U/ZyYIXRVqvLRw3vmfxDo2YLMwVtWVNew8Sm8d6wodM+OYFq4ll/UxfqVr0XKiVwti32PCrruAw==}
    dependencies:
      '@babel/parser': 7.24.0
      '@vue/compiler-core': 3.3.7
      '@vue/compiler-dom': 3.3.7
      '@vue/compiler-ssr': 3.3.7
      '@vue/reactivity-transform': 3.3.7
      '@vue/shared': 3.3.7
      estree-walker: 2.0.2
      magic-string: 0.30.7
      postcss: 8.4.35
      source-map-js: 1.0.2
    dev: true

  /@vue/compiler-ssr@3.3.7:
    resolution: {integrity: sha512-TxOfNVVeH3zgBc82kcUv+emNHo+vKnlRrkv8YvQU5+Y5LJGJwSNzcmLUoxD/dNzv0bhQ/F0s+InlgV0NrApJZg==}
    dependencies:
      '@vue/compiler-dom': 3.3.7
      '@vue/shared': 3.3.7
    dev: true

  /@vue/language-core@1.8.27(typescript@5.3.3):
    resolution: {integrity: sha512-L8Kc27VdQserNaCUNiSFdDl9LWT24ly8Hpwf1ECy3aFb9m6bDhBGQYOujDm21N7EW3moKIOKEanQwe1q5BK+mA==}
    peerDependencies:
      typescript: '*'
    peerDependenciesMeta:
      typescript:
        optional: true
    dependencies:
      '@volar/language-core': 1.11.1
      '@volar/source-map': 1.11.1
      '@vue/compiler-dom': 3.4.21
      '@vue/shared': 3.4.21
      computeds: 0.0.1
      minimatch: 9.0.3
      muggle-string: 0.3.1
      path-browserify: 1.0.1
      typescript: 5.3.3
      vue-template-compiler: 2.7.16
    dev: true

  /@vue/reactivity-transform@3.3.7:
    resolution: {integrity: sha512-APhRmLVbgE1VPGtoLQoWBJEaQk4V8JUsqrQihImVqKT+8U6Qi3t5ATcg4Y9wGAPb3kIhetpufyZ1RhwbZCIdDA==}
    dependencies:
      '@babel/parser': 7.24.0
      '@vue/compiler-core': 3.3.7
      '@vue/shared': 3.3.7
      estree-walker: 2.0.2
      magic-string: 0.30.7
    dev: true

  /@vue/reactivity@3.3.7:
    resolution: {integrity: sha512-cZNVjWiw00708WqT0zRpyAgduG79dScKEPYJXq2xj/aMtk3SKvL3FBt2QKUlh6EHBJ1m8RhBY+ikBUzwc7/khg==}
    dependencies:
      '@vue/shared': 3.3.7
    dev: true

  /@vue/runtime-core@3.3.7:
    resolution: {integrity: sha512-LHq9du3ubLZFdK/BP0Ysy3zhHqRfBn80Uc+T5Hz3maFJBGhci1MafccnL3rpd5/3wVfRHAe6c+PnlO2PAavPTQ==}
    dependencies:
      '@vue/reactivity': 3.3.7
      '@vue/shared': 3.3.7
    dev: true

  /@vue/runtime-dom@3.3.7:
    resolution: {integrity: sha512-PFQU1oeJxikdDmrfoNQay5nD4tcPNYixUBruZzVX/l0eyZvFKElZUjW4KctCcs52nnpMGO6UDK+jF5oV4GT5Lw==}
    dependencies:
      '@vue/runtime-core': 3.3.7
      '@vue/shared': 3.3.7
      csstype: 3.1.3
    dev: true

  /@vue/server-renderer@3.3.7(vue@3.3.7):
    resolution: {integrity: sha512-UlpKDInd1hIZiNuVVVvLgxpfnSouxKQOSE2bOfQpBuGwxRV/JqqTCyyjXUWiwtVMyeRaZhOYYqntxElk8FhBhw==}
    peerDependencies:
      vue: 3.3.7
    dependencies:
      '@vue/compiler-ssr': 3.3.7
      '@vue/shared': 3.3.7
      vue: 3.3.7(typescript@5.3.3)
    dev: true

  /@vue/shared@3.3.7:
    resolution: {integrity: sha512-N/tbkINRUDExgcPTBvxNkvHGu504k8lzlNQRITVnm6YjOjwa4r0nnbd4Jb01sNpur5hAllyRJzSK5PvB9PPwRg==}
    dev: true

  /@vue/shared@3.4.21:
    resolution: {integrity: sha512-PuJe7vDIi6VYSinuEbUIQgMIRZGgM8e4R+G+/dQTk0X1NEdvgvvgv7m+rfmDH1gZzyA1OjjoWskvHlfRNfQf3g==}
    dev: true

  /b64-to-blob@1.2.19:
    resolution: {integrity: sha512-L3nSu8GgF4iEyNYakCQSfL2F5GI5aCXcot9mNTf+4N0/BMhpxqqHyOb6jIR24iq2xLjQZLG8FOt3gnUcV+9NVg==}
    dev: false

  /balanced-match@1.0.2:
    resolution: {integrity: sha512-3oSeUO0TMV67hN1AmbXsK4yaqU7tjiHlbxRDZOpH0KW9+CeX4bRAaX0Anxt0tx2MrpRpWwQaPwIlISEJhYU5Pw==}
    dev: true

  /blueimp-load-image@5.16.0:
    resolution: {integrity: sha512-3DUSVdOtlfNRk7moRZuTwDmA3NnG8KIJuLcq3c0J7/BIr6X3Vb/EpX3kUH1joxUhmoVF4uCpDfz7wHkz8pQajA==}
    dev: false

  /brace-expansion@2.0.1:
    resolution: {integrity: sha512-XnAIvQ8eM+kC6aULx6wuQiwVsnzsi9d3WxzV3FpWTGA19F621kwdbsAcFKXgKUHZWsy+mY6iL1sHTxWEFCytDA==}
    dependencies:
      balanced-match: 1.0.2
    dev: true

  /computeds@0.0.1:
    resolution: {integrity: sha512-7CEBgcMjVmitjYo5q8JTJVra6X5mQ20uTThdK+0kR7UEaDrAWEQcRiBtWJzga4eRpP6afNwwLsX2SET2JhVB1Q==}
    dev: true

  /cropperjs@1.6.1:
    resolution: {integrity: sha512-F4wsi+XkDHCOMrHMYjrTEE4QBOrsHHN5/2VsVAaRq8P7E5z7xQpT75S+f/9WikmBEailas3+yo+6zPIomW+NOA==}
    dev: false

  /csstype@3.1.3:
    resolution: {integrity: sha512-M1uQkMl8rQK/szD0LNhtqxIPLpimGm8sOBwU7lLnCpSbTyY3yeU1Vc7l4KT5zT4s/yOxHH5O7tIuuLOCnLADRw==}
    dev: true

  /de-indent@1.0.2:
    resolution: {integrity: sha512-e/1zu3xH5MQryN2zdVaF0OrdNLUbvWxzMbi+iNA6Bky7l1RoP8a2fIbRocyHclXt/arDrrR6lL3TqFD9pMQTsg==}
    dev: true

  /entities@4.5.0:
    resolution: {integrity: sha512-V0hjH4dGPh9Ao5p0MoRY6BVqtwCjhz6vI5LT8AJ55H+4g9/4vbHx1I54fS0XuclLhDHArPQCiMjDxjaL8fPxhw==}
    engines: {node: '>=0.12'}
    dev: true

  /estree-walker@2.0.2:
    resolution: {integrity: sha512-Rfkk/Mp/DL7JVje3u18FxFujQlTNR2q6QfMSMB7AvCBx91NGj/ba3kCfza0f6dVDbw7YlRf/nDrn7pQrCCyQ/w==}
    dev: true

  /he@1.2.0:
    resolution: {integrity: sha512-F/1DnUGPopORZi0ni+CvrCgHQ5FyEAHRLSApuYWMmrbSwoN2Mn/7k+Gl38gJnR7yyDZk6WLXwiGod1JOWNDKGw==}
    hasBin: true
    dev: true

  /jquery@3.7.1:
    resolution: {integrity: sha512-m4avr8yL8kmFN8psrbFFFmB/If14iN5o9nw/NgnnM+kybDJpRsAynV2BsfpTYrTRysYUdADVD7CkUUizgkpLfg==}
    dev: false

  /jsuri@1.3.1:
    resolution: {integrity: sha512-LLdAeqOf88/X0hylAI7oSir6QUsz/8kOW0FcJzzu/SJRfORA/oPHycAOthkNp7eLPlTAbqVDFbqNRHkRVzEA3g==}
    dev: false

  /lodash@4.17.21:
    resolution: {integrity: sha512-v2kDEe57lecTulaDIuNTPy3Ry4gLGJ6Z1O3vE1krgXZNrsQ+LFTGHVxVjcXPs17LhbZVGedAJv8XZ1tvj5FvSg==}
    dev: false

  /lru-cache@6.0.0:
    resolution: {integrity: sha512-Jo6dJ04CmSjuznwJSS3pUeWmd/H0ffTlkXXgwZi+eq1UCmqQwCh+eLsYOYCwY991i2Fah4h1BEMCx4qThGbsiA==}
    engines: {node: '>=10'}
    dependencies:
      yallist: 4.0.0
    dev: true

  /magic-string@0.30.7:
    resolution: {integrity: sha512-8vBuFF/I/+OSLRmdf2wwFCJCz+nSn0m6DPvGH1fS/KiQoSaR+sETbov0eIk9KhEKy8CYqIkIAnbohxT/4H0kuA==}
    engines: {node: '>=12'}
    dependencies:
      '@jridgewell/sourcemap-codec': 1.4.15
    dev: true

  /minimatch@9.0.3:
    resolution: {integrity: sha512-RHiac9mvaRw0x3AYRgDC1CxAP7HTcNrrECeA8YYJeWnpo+2Q5CegtZjaotWTWxDG3UeGA1coE05iH1mPjT/2mg==}
    engines: {node: '>=16 || 14 >=14.17'}
    dependencies:
      brace-expansion: 2.0.1
    dev: true

  /muggle-string@0.3.1:
    resolution: {integrity: sha512-ckmWDJjphvd/FvZawgygcUeQCxzvohjFO5RxTjj4eq8kw359gFF3E1brjfI+viLMxss5JrHTDRHZvu2/tuy0Qg==}
    dev: true

  /nanoid@3.3.7:
    resolution: {integrity: sha512-eSRppjcPIatRIMC1U6UngP8XFcz8MQWGQdt1MTBQ7NaAmvXDfvNxbvWV3x2y6CdEUciCSsDHDQZbhYaB8QEo2g==}
    engines: {node: ^10 || ^12 || ^13.7 || ^14 || >=15.0.1}
    hasBin: true
    dev: true

  /path-browserify@1.0.1:
    resolution: {integrity: sha512-b7uo2UCUOYZcnF/3ID0lulOJi/bafxa1xPe7ZPsammBSpjSWQkjNxlt635YGS2MiR9GjvuXCtz2emr3jbsz98g==}
    dev: true

  /picocolors@1.0.0:
    resolution: {integrity: sha512-1fygroTLlHu66zi26VoTDv8yRgm0Fccecssto+MhsZ0D/DGW2sm8E8AjW7NU5VVTRt5GxbeZ5qBuJr+HyLYkjQ==}
    dev: true

  /postcss@8.4.35:
    resolution: {integrity: sha512-u5U8qYpBCpN13BsiEB0CbR1Hhh4Gc0zLFuedrHJKMctHCHAGrMdG0PRM/KErzAL3CU6/eckEtmHNB3x6e3c0vA==}
    engines: {node: ^10 || ^12 || >=14}
    dependencies:
      nanoid: 3.3.7
      picocolors: 1.0.0
      source-map-js: 1.0.2
    dev: true

  /semver@7.6.0:
    resolution: {integrity: sha512-EnwXhrlwXMk9gKu5/flx5sv/an57AkRplG3hTK68W7FRDN+k+OWBj65M7719OkA82XLBxrcX0KSHj+X5COhOVg==}
    engines: {node: '>=10'}
    hasBin: true
    dependencies:
      lru-cache: 6.0.0
    dev: true

  /source-map-js@1.0.2:
    resolution: {integrity: sha512-R0XvVJ9WusLiqTCEiGCmICCMplcCkIwwR11mOSD9CR5u+IXYdiseeEuXCVAjS54zqwkLcPNnmU4OeJ6tUrWhDw==}
    engines: {node: '>=0.10.0'}
    dev: true

  /to-fast-properties@2.0.0:
    resolution: {integrity: sha512-/OaKK0xYrs3DmxRYqL/yDc+FxFUVYhDlXMhRmv3z915w2HF1tnN1omB354j8VUGO/hbRzyD6Y3sA7v7GS/ceog==}
    engines: {node: '>=4'}
    dev: true

  /typescript@5.3.3:
    resolution: {integrity: sha512-pXWcraxM0uxAS+tN0AG/BF2TyqmHO014Z070UsJ+pFvYuRSq8KH8DmWpnbXe0pEPDHXZV3FcAbJkijJ5oNEnWw==}
    engines: {node: '>=14.17'}
    hasBin: true
    dev: true

  /vue-template-compiler@2.7.16:
    resolution: {integrity: sha512-AYbUWAJHLGGQM7+cNTELw+KsOG9nl2CnSv467WobS5Cv9uk3wFcnr1Etsz2sEIHEZvw1U+o9mRlEO6QbZvUPGQ==}
    dependencies:
      de-indent: 1.0.2
      he: 1.2.0
    dev: true

  /vue-tsc@1.8.27(typescript@5.3.3):
    resolution: {integrity: sha512-WesKCAZCRAbmmhuGl3+VrdWItEvfoFIPXOvUJkjULi+x+6G/Dy69yO3TBRJDr9eUlmsNAwVmxsNZxvHKzbkKdg==}
    hasBin: true
    peerDependencies:
      typescript: '*'
    dependencies:
      '@volar/typescript': 1.11.1
      '@vue/language-core': 1.8.27(typescript@5.3.3)
      semver: 7.6.0
      typescript: 5.3.3
    dev: true

  /vue@3.3.7(typescript@5.3.3):
    resolution: {integrity: sha512-YEMDia1ZTv1TeBbnu6VybatmSteGOS3A3YgfINOfraCbf85wdKHzscD6HSS/vB4GAtI7sa1XPX7HcQaJ1l24zA==}
    peerDependencies:
      typescript: '*'
    peerDependenciesMeta:
      typescript:
        optional: true
    dependencies:
      '@vue/compiler-dom': 3.3.7
      '@vue/compiler-sfc': 3.3.7
      '@vue/runtime-dom': 3.3.7
      '@vue/server-renderer': 3.3.7(vue@3.3.7)
      '@vue/shared': 3.3.7
      typescript: 5.3.3
    dev: true

  /yallist@4.0.0:
    resolution: {integrity: sha512-3wdGidZyq5PB084XLES5TpOSRA3wjXAlIWMhum2kRcv/41Sn2emQ0dycQW4uZXLejwKvg6EsvbdlVL+FYEct7A==}
    dev: true
